
Microsoft Visual Studio Solution File, Format Version 12.00
# Visual Studio Version 17
VisualStudioVersion = 17.0.31903.59
MinimumVisualStudioVersion = 10.0.40219.1
Project("{2150E333-8FDC-42A3-9474-1A3956D46DE8}") = "src", "src", "{4AF576F1-674F-45FA-9FFB-13946B4BBB9C}"
EndProject
Project("{FAE04EC0-301F-11D3-BF4B-00C04F79EFBC}") = "dataStructures.Core", "src\dataStructures.Core\dataStructures.Core.csproj", "{BBB235A6-2932-4210-8A7E-F9741B0499C2}"
EndProject
Project("{2150E333-8FDC-42A3-9474-1A3956D46DE8}") = "tests", "tests", "{EEEE2979-BD07-429B-973E-C28F9045A34C}"
EndProject
Project("{FAE04EC0-301F-11D3-BF4B-00C04F79EFBC}") = "dataStructures.Core.Tests", "tests\dataStructures.Core.Tests\dataStructures.Core.Tests.csproj", "{6B83A07E-394C-4635-9F3F-4B2DEEA5BFD4}"
EndProject
Project("{FAE04EC0-301F-11D3-BF4B-00C04F79EFBC}") = "dataStructures.Program", "src\dataStructures.Program\dataStructures.Program.csproj", "{0572FFB8-B715-4EBF-A066-E6CDC5E8FE65}"
EndProject
Global
	GlobalSection(SolutionConfigurationPlatforms) = preSolution
		Debug|Any CPU = Debug|Any CPU
		Release|Any CPU = Release|Any CPU
	EndGlobalSection
	GlobalSection(SolutionProperties) = preSolution
		HideSolutionNode = FALSE
	EndGlobalSection
	GlobalSection(ProjectConfigurationPlatforms) = postSolution
		{BBB235A6-2932-4210-8A7E-F9741B0499C2}.Debug|Any CPU.ActiveCfg = Debug|Any CPU
		{BBB235A6-2932-4210-8A7E-F9741B0499C2}.Debug|Any CPU.Build.0 = Debug|Any CPU
		{BBB235A6-2932-4210-8A7E-F9741B0499C2}.Release|Any CPU.ActiveCfg = Release|Any CPU
		{BBB235A6-2932-4210-8A7E-F9741B0499C2}.Release|Any CPU.Build.0 = Release|Any CPU
		{6B83A07E-394C-4635-9F3F-4B2DEEA5BFD4}.Debug|Any CPU.ActiveCfg = Debug|Any CPU
		{6B83A07E-394C-4635-9F3F-4B2DEEA5BFD4}.Debug|Any CPU.Build.0 = Debug|Any CPU
		{6B83A07E-394C-4635-9F3F-4B2DEEA5BFD4}.Release|Any CPU.ActiveCfg = Release|Any CPU
		{6B83A07E-394C-4635-9F3F-4B2DEEA5BFD4}.Release|Any CPU.Build.0 = Release|Any CPU
		{0572FFB8-B715-4EBF-A066-E6CDC5E8FE65}.Debug|Any CPU.ActiveCfg = Debug|Any CPU
		{0572FFB8-B715-4EBF-A066-E6CDC5E8FE65}.Debug|Any CPU.Build.0 = Debug|Any CPU
		{0572FFB8-B715-4EBF-A066-E6CDC5E8FE65}.Release|Any CPU.ActiveCfg = Release|Any CPU
		{0572FFB8-B715-4EBF-A066-E6CDC5E8FE65}.Release|Any CPU.Build.0 = Release|Any CPU
	EndGlobalSection
	GlobalSection(NestedProjects) = preSolution
		{BBB235A6-2932-4210-8A7E-F9741B0499C2} = {4AF576F1-674F-45FA-9FFB-13946B4BBB9C}
		{6B83A07E-394C-4635-9F3F-4B2DEEA5BFD4} = {EEEE2979-BD07-429B-973E-C28F9045A34C}
		{0572FFB8-B715-4EBF-A066-E6CDC5E8FE65} = {4AF576F1-674F-45FA-9FFB-13946B4BBB9C}
	EndGlobalSection
EndGlobal
